
Microsoft Visual Studio Solution File, Format Version 12.00
# Visual Studio Version 16
VisualStudioVersion = 16.0.28803.156
MinimumVisualStudioVersion = 10.0.40219.1
Project("{FAE04EC0-301F-11D3-BF4B-00C04F79EFBC}") = "MHS2019Demo", "MHS2019Demo\MHS2019Demo.csproj", "{F2836879-037B-45D3-850B-DBF73A5BC78A}"
EndProject
Project("{FAE04EC0-301F-11D3-BF4B-00C04F79EFBC}") = "MHS2019Demo21", "MHS2019Demo21\MHS2019Demo21.csproj", "{7FD996AB-7E5B-4DF2-BFF7-4BB2A2B1D318}"
EndProject
Global
	GlobalSection(SolutionConfigurationPlatforms) = preSolution
		Debug|Any CPU = Debug|Any CPU
		Release|Any CPU = Release|Any CPU
	EndGlobalSection
	GlobalSection(ProjectConfigurationPlatforms) = postSolution
		{F2836879-037B-45D3-850B-DBF73A5BC78A}.Debug|Any CPU.ActiveCfg = Debug|Any CPU
		{F2836879-037B-45D3-850B-DBF73A5BC78A}.Debug|Any CPU.Build.0 = Debug|Any CPU
		{F2836879-037B-45D3-850B-DBF73A5BC78A}.Release|Any CPU.ActiveCfg = Release|Any CPU
		{F2836879-037B-45D3-850B-DBF73A5BC78A}.Release|Any CPU.Build.0 = Release|Any CPU
		{7FD996AB-7E5B-4DF2-BFF7-4BB2A2B1D318}.Debug|Any CPU.ActiveCfg = Debug|Any CPU
		{7FD996AB-7E5B-4DF2-BFF7-4BB2A2B1D318}.Debug|Any CPU.Build.0 = Debug|Any CPU
		{7FD996AB-7E5B-4DF2-BFF7-4BB2A2B1D318}.Release|Any CPU.ActiveCfg = Release|Any CPU
		{7FD996AB-7E5B-4DF2-BFF7-4BB2A2B1D318}.Release|Any CPU.Build.0 = Release|Any CPU
	EndGlobalSection
	GlobalSection(SolutionProperties) = preSolution
		HideSolutionNode = FALSE
	EndGlobalSection
	GlobalSection(ExtensibilityGlobals) = postSolution
		SolutionGuid = {4B7B1C11-C914-44C5-ACCE-2737C0017E9B}
	EndGlobalSection
EndGlobal
